
Microsoft Visual Studio Solution File, Format Version 12.00
# Visual Studio Version 17
VisualStudioVersion = 17.0.31903.59
MinimumVisualStudioVersion = 10.0.40219.1
Project("{2150E333-8FDC-42A3-9474-1A3956D46DE8}") = "src", "src", "{827E0CD3-B72D-47B6-A68D-7590B98EB39B}"
EndProject
Project("{FAE04EC0-301F-11D3-BF4B-00C04F79EFBC}") = "GetAndSee.Core", "src\GetAndSee.Core\GetAndSee.Core.csproj", "{31609718-BC71-42A6-9E4D-1591E51E3E3D}"
EndProject
Project("{FAE04EC0-301F-11D3-BF4B-00C04F79EFBC}") = "GetAndSee.Cli", "src\GetAndSee.Cli\GetAndSee.Cli.csproj", "{4A8E8E33-9FAA-4E03-92B4-4004CF3E5CFE}"
EndProject
Project("{2150E333-8FDC-42A3-9474-1A3956D46DE8}") = "tests", "tests", "{0AB3BF05-4346-4AA6-1389-037BE0695223}"
EndProject
Project("{FAE04EC0-301F-11D3-BF4B-00C04F79EFBC}") = "GetAndSee.Tests", "tests\GetAndSee.Tests\GetAndSee.Tests.csproj", "{C5EB42A8-5FAD-404F-9068-EBE4FF12752F}"
EndProject
Project("{FAE04EC0-301F-11D3-BF4B-00C04F79EFBC}") = "GetAndSee.SafetyTests", "tests\GetAndSee.SafetyTests\GetAndSee.SafetyTests.csproj", "{9AC5686F-F5E1-4943-B27E-B68946DC6C81}"
EndProject
Project("{FAE04EC0-301F-11D3-BF4B-00C04F79EFBC}") = "GetAndSee.FakeDevice", "src\GetAndSee.FakeDevice\GetAndSee.FakeDevice.csproj", "{14C9CEA0-8D7E-4B78-9229-03AD710B4B69}"
EndProject
Global
	GlobalSection(SolutionConfigurationPlatforms) = preSolution
		Debug|Any CPU = Debug|Any CPU
		Debug|x64 = Debug|x64
		Debug|x86 = Debug|x86
		Release|Any CPU = Release|Any CPU
		Release|x64 = Release|x64
		Release|x86 = Release|x86
	EndGlobalSection
	GlobalSection(ProjectConfigurationPlatforms) = postSolution
		{31609718-BC71-42A6-9E4D-1591E51E3E3D}.Debug|Any CPU.ActiveCfg = Debug|Any CPU
		{31609718-BC71-42A6-9E4D-1591E51E3E3D}.Debug|Any CPU.Build.0 = Debug|Any CPU
		{31609718-BC71-42A6-9E4D-1591E51E3E3D}.Debug|x64.ActiveCfg = Debug|Any CPU
		{31609718-BC71-42A6-9E4D-1591E51E3E3D}.Debug|x64.Build.0 = Debug|Any CPU
		{31609718-BC71-42A6-9E4D-1591E51E3E3D}.Debug|x86.ActiveCfg = Debug|Any CPU
		{31609718-BC71-42A6-9E4D-1591E51E3E3D}.Debug|x86.Build.0 = Debug|Any CPU
		{31609718-BC71-42A6-9E4D-1591E51E3E3D}.Release|Any CPU.ActiveCfg = Release|Any CPU
		{31609718-BC71-42A6-9E4D-1591E51E3E3D}.Release|Any CPU.Build.0 = Release|Any CPU
		{31609718-BC71-42A6-9E4D-1591E51E3E3D}.Release|x64.ActiveCfg = Release|Any CPU
		{31609718-BC71-42A6-9E4D-1591E51E3E3D}.Release|x64.Build.0 = Release|Any CPU
		{31609718-BC71-42A6-9E4D-1591E51E3E3D}.Release|x86.ActiveCfg = Release|Any CPU
		{31609718-BC71-42A6-9E4D-1591E51E3E3D}.Release|x86.Build.0 = Release|Any CPU
		{4A8E8E33-9FAA-4E03-92B4-4004CF3E5CFE}.Debug|Any CPU.ActiveCfg = Debug|Any CPU
		{4A8E8E33-9FAA-4E03-92B4-4004CF3E5CFE}.Debug|Any CPU.Build.0 = Debug|Any CPU
		{4A8E8E33-9FAA-4E03-92B4-4004CF3E5CFE}.Debug|x64.ActiveCfg = Debug|Any CPU
		{4A8E8E33-9FAA-4E03-92B4-4004CF3E5CFE}.Debug|x64.Build.0 = Debug|Any CPU
		{4A8E8E33-9FAA-4E03-92B4-4004CF3E5CFE}.Debug|x86.ActiveCfg = Debug|Any CPU
		{4A8E8E33-9FAA-4E03-92B4-4004CF3E5CFE}.Debug|x86.Build.0 = Debug|Any CPU
		{4A8E8E33-9FAA-4E03-92B4-4004CF3E5CFE}.Release|Any CPU.ActiveCfg = Release|Any CPU
		{4A8E8E33-9FAA-4E03-92B4-4004CF3E5CFE}.Release|Any CPU.Build.0 = Release|Any CPU
		{4A8E8E33-9FAA-4E03-92B4-4004CF3E5CFE}.Release|x64.ActiveCfg = Release|Any CPU
		{4A8E8E33-9FAA-4E03-92B4-4004CF3E5CFE}.Release|x64.Build.0 = Release|Any CPU
		{4A8E8E33-9FAA-4E03-92B4-4004CF3E5CFE}.Release|x86.ActiveCfg = Release|Any CPU
		{4A8E8E33-9FAA-4E03-92B4-4004CF3E5CFE}.Release|x86.Build.0 = Release|Any CPU
		{C5EB42A8-5FAD-404F-9068-EBE4FF12752F}.Debug|Any CPU.ActiveCfg = Debug|Any CPU
		{C5EB42A8-5FAD-404F-9068-EBE4FF12752F}.Debug|Any CPU.Build.0 = Debug|Any CPU
		{C5EB42A8-5FAD-404F-9068-EBE4FF12752F}.Debug|x64.ActiveCfg = Debug|Any CPU
		{C5EB42A8-5FAD-404F-9068-EBE4FF12752F}.Debug|x64.Build.0 = Debug|Any CPU
		{C5EB42A8-5FAD-404F-9068-EBE4FF12752F}.Debug|x86.ActiveCfg = Debug|Any CPU
		{C5EB42A8-5FAD-404F-9068-EBE4FF12752F}.Debug|x86.Build.0 = Debug|Any CPU
		{C5EB42A8-5FAD-404F-9068-EBE4FF12752F}.Release|Any CPU.ActiveCfg = Release|Any CPU
		{C5EB42A8-5FAD-404F-9068-EBE4FF12752F}.Release|Any CPU.Build.0 = Release|Any CPU
		{C5EB42A8-5FAD-404F-9068-EBE4FF12752F}.Release|x64.ActiveCfg = Release|Any CPU
		{C5EB42A8-5FAD-404F-9068-EBE4FF12752F}.Release|x64.Build.0 = Release|Any CPU
		{C5EB42A8-5FAD-404F-9068-EBE4FF12752F}.Release|x86.ActiveCfg = Release|Any CPU
		{C5EB42A8-5FAD-404F-9068-EBE4FF12752F}.Release|x86.Build.0 = Release|Any CPU
		{9AC5686F-F5E1-4943-B27E-B68946DC6C81}.Debug|Any CPU.ActiveCfg = Debug|Any CPU
		{9AC5686F-F5E1-4943-B27E-B68946DC6C81}.Debug|Any CPU.Build.0 = Debug|Any CPU
		{9AC5686F-F5E1-4943-B27E-B68946DC6C81}.Debug|x64.ActiveCfg = Debug|Any CPU
		{9AC5686F-F5E1-4943-B27E-B68946DC6C81}.Debug|x64.Build.0 = Debug|Any CPU
		{9AC5686F-F5E1-4943-B27E-B68946DC6C81}.Debug|x86.ActiveCfg = Debug|Any CPU
		{9AC5686F-F5E1-4943-B27E-B68946DC6C81}.Debug|x86.Build.0 = Debug|Any CPU
		{9AC5686F-F5E1-4943-B27E-B68946DC6C81}.Release|Any CPU.ActiveCfg = Release|Any CPU
		{9AC5686F-F5E1-4943-B27E-B68946DC6C81}.Release|Any CPU.Build.0 = Release|Any CPU
		{9AC5686F-F5E1-4943-B27E-B68946DC6C81}.Release|x64.ActiveCfg = Release|Any CPU
		{9AC5686F-F5E1-4943-B27E-B68946DC6C81}.Release|x64.Build.0 = Release|Any CPU
		{9AC5686F-F5E1-4943-B27E-B68946DC6C81}.Release|x86.ActiveCfg = Release|Any CPU
		{9AC5686F-F5E1-4943-B27E-B68946DC6C81}.Release|x86.Build.0 = Release|Any CPU
		{14C9CEA0-8D7E-4B78-9229-03AD710B4B69}.Debug|Any CPU.ActiveCfg = Debug|Any CPU
		{14C9CEA0-8D7E-4B78-9229-03AD710B4B69}.Debug|Any CPU.Build.0 = Debug|Any CPU
		{14C9CEA0-8D7E-4B78-9229-03AD710B4B69}.Debug|x64.ActiveCfg = Debug|Any CPU
		{14C9CEA0-8D7E-4B78-9229-03AD710B4B69}.Debug|x64.Build.0 = Debug|Any CPU
		{14C9CEA0-8D7E-4B78-9229-03AD710B4B69}.Debug|x86.ActiveCfg = Debug|Any CPU
		{14C9CEA0-8D7E-4B78-9229-03AD710B4B69}.Debug|x86.Build.0 = Debug|Any CPU
		{14C9CEA0-8D7E-4B78-9229-03AD710B4B69}.Release|Any CPU.ActiveCfg = Release|Any CPU
		{14C9CEA0-8D7E-4B78-9229-03AD710B4B69}.Release|Any CPU.Build.0 = Release|Any CPU
		{14C9CEA0-8D7E-4B78-9229-03AD710B4B69}.Release|x64.ActiveCfg = Release|Any CPU
		{14C9CEA0-8D7E-4B78-9229-03AD710B4B69}.Release|x64.Build.0 = Release|Any CPU
		{14C9CEA0-8D7E-4B78-9229-03AD710B4B69}.Release|x86.ActiveCfg = Release|Any CPU
		{14C9CEA0-8D7E-4B78-9229-03AD710B4B69}.Release|x86.Build.0 = Release|Any CPU
	EndGlobalSection
	GlobalSection(SolutionProperties) = preSolution
		HideSolutionNode = FALSE
	EndGlobalSection
	GlobalSection(NestedProjects) = preSolution
		{31609718-BC71-42A6-9E4D-1591E51E3E3D} = {827E0CD3-B72D-47B6-A68D-7590B98EB39B}
		{4A8E8E33-9FAA-4E03-92B4-4004CF3E5CFE} = {827E0CD3-B72D-47B6-A68D-7590B98EB39B}
		{C5EB42A8-5FAD-404F-9068-EBE4FF12752F} = {0AB3BF05-4346-4AA6-1389-037BE0695223}
		{9AC5686F-F5E1-4943-B27E-B68946DC6C81} = {0AB3BF05-4346-4AA6-1389-037BE0695223}
		{14C9CEA0-8D7E-4B78-9229-03AD710B4B69} = {827E0CD3-B72D-47B6-A68D-7590B98EB39B}
	EndGlobalSection
EndGlobal
